
Microsoft Visual Studio Solution File, Format Version 12.00
# Visual Studio Version 17
VisualStudioVersion = 17.8.34322.80
MinimumVisualStudioVersion = 10.0.40219.1
Project("{FAE04EC0-301F-11D3-BF4B-00C04F79EFBC}") = "MvcStok", "MvcStok\MvcStok.csproj", "{1CEEF992-2AA4-4A10-9F42-0F8DD6A9864B}"
EndProject
Global
	GlobalSection(SolutionConfigurationPlatforms) = preSolution
		Debug|Any CPU = Debug|Any CPU
		Release|Any CPU = Release|Any CPU
	EndGlobalSection
	GlobalSection(ProjectConfigurationPlatforms) = postSolution
		{1CEEF992-2AA4-4A10-9F42-0F8DD6A9864B}.Debug|Any CPU.ActiveCfg = Debug|Any CPU
		{1CEEF992-2AA4-4A10-9F42-0F8DD6A9864B}.Debug|Any CPU.Build.0 = Debug|Any CPU
		{1CEEF992-2AA4-4A10-9F42-0F8DD6A9864B}.Release|Any CPU.ActiveCfg = Release|Any CPU
		{1CEEF992-2AA4-4A10-9F42-0F8DD6A9864B}.Release|Any CPU.Build.0 = Release|Any CPU
	EndGlobalSection
	GlobalSection(SolutionProperties) = preSolution
		HideSolutionNode = FALSE
	EndGlobalSection
	GlobalSection(ExtensibilityGlobals) = postSolution
		SolutionGuid = {10834226-CCF6-4B30-A1FE-5A7264FC03F8}
	EndGlobalSection
EndGlobal
